// !$*UTF8*$!
{
	archiveVersion = 1;
	classes = {
	};
	objectVersion = 50;
	objects = {

/* Begin PBXBuildFile section */
		37072561246A977F00255A70 /* ServiceManager.swift in Sources */ = {isa = PBXBuildFile; fileRef = 37072560246A977F00255A70 /* ServiceManager.swift */; };
		3707256D246AA07F00255A70 /* Data.swift in Sources */ = {isa = PBXBuildFile; fileRef = 37072563246AA07F00255A70 /* Data.swift */; };
		3707256E246AA07F00255A70 /* Event_sponser.swift in Sources */ = {isa = PBXBuildFile; fileRef = 37072564246AA07F00255A70 /* Event_sponser.swift */; };
		3707256F246AA07F00255A70 /* Duration_promote_points.swift in Sources */ = {isa = PBXBuildFile; fileRef = 37072565246AA07F00255A70 /* Duration_promote_points.swift */; };
		37072570246AA07F00255A70 /* Comment.swift in Sources */ = {isa = PBXBuildFile; fileRef = 37072566246AA07F00255A70 /* Comment.swift */; };
		37072571246AA07F00255A70 /* Event_performer.swift in Sources */ = {isa = PBXBuildFile; fileRef = 37072567246AA07F00255A70 /* Event_performer.swift */; };
		37072572246AA07F00255A70 /* Event_tag.swift in Sources */ = {isa = PBXBuildFile; fileRef = 37072568246AA07F00255A70 /* Event_tag.swift */; };
		37072573246AA07F00255A70 /* View_promote_points.swift in Sources */ = {isa = PBXBuildFile; fileRef = 37072569246AA07F00255A70 /* View_promote_points.swift */; };
		37072575246AA07F00255A70 /* Ev_image.swift in Sources */ = {isa = PBXBuildFile; fileRef = 3707256B246AA07F00255A70 /* Ev_image.swift */; };
		37072576246AA07F00255A70 /* Event_organizer.swift in Sources */ = {isa = PBXBuildFile; fileRef = 3707256C246AA07F00255A70 /* Event_organizer.swift */; };
		37072578246AB32F00255A70 /* EventModel.swift in Sources */ = {isa = PBXBuildFile; fileRef = 37072577246AB32F00255A70 /* EventModel.swift */; };
		372EDBA624698D3D00B222DD /* AppDelegate.swift in Sources */ = {isa = PBXBuildFile; fileRef = 372EDBA524698D3D00B222DD /* AppDelegate.swift */; };
		372EDBA824698D3D00B222DD /* SceneDelegate.swift in Sources */ = {isa = PBXBuildFile; fileRef = 372EDBA724698D3D00B222DD /* SceneDelegate.swift */; };
		372EDBAA24698D3D00B222DD /* ViewController.swift in Sources */ = {isa = PBXBuildFile; fileRef = 372EDBA924698D3D00B222DD /* ViewController.swift */; };
		372EDBAD24698D3D00B222DD /* Main.storyboard in Resources */ = {isa = PBXBuildFile; fileRef = 372EDBAB24698D3D00B222DD /* Main.storyboard */; };
		372EDBAF24698D4100B222DD /* Assets.xcassets in Resources */ = {isa = PBXBuildFile; fileRef = 372EDBAE24698D4100B222DD /* Assets.xcassets */; };
		372EDBB224698D4100B222DD /* LaunchScreen.storyboard in Resources */ = {isa = PBXBuildFile; fileRef = 372EDBB024698D4100B222DD /* LaunchScreen.storyboard */; };
/* End PBXBuildFile section */

/* Begin PBXFileReference section */
		37072560246A977F00255A70 /* ServiceManager.swift */ = {isa = PBXFileReference; lastKnownFileType = sourcecode.swift; path = ServiceManager.swift; sourceTree = "<group>"; };
		37072563246AA07F00255A70 /* Data.swift */ = {isa = PBXFileReference; fileEncoding = 4; lastKnownFileType = sourcecode.swift; path = Data.swift; sourceTree = "<group>"; };
		37072564246AA07F00255A70 /* Event_sponser.swift */ = {isa = PBXFileReference; fileEncoding = 4; lastKnownFileType = sourcecode.swift; path = Event_sponser.swift; sourceTree = "<group>"; };
		37072565246AA07F00255A70 /* Duration_promote_points.swift */ = {isa = PBXFileReference; fileEncoding = 4; lastKnownFileType = sourcecode.swift; path = Duration_promote_points.swift; sourceTree = "<group>"; };
		37072566246AA07F00255A70 /* Comment.swift */ = {isa = PBXFileReference; fileEncoding = 4; lastKnownFileType = sourcecode.swift; path = Comment.swift; sourceTree = "<group>"; };
		37072567246AA07F00255A70 /* Event_performer.swift */ = {isa = PBXFileReference; fileEncoding = 4; lastKnownFileType = sourcecode.swift; path = Event_performer.swift; sourceTree = "<group>"; };
		37072568246AA07F00255A70 /* Event_tag.swift */ = {isa = PBXFileReference; fileEncoding = 4; lastKnownFileType = sourcecode.swift; path = Event_tag.swift; sourceTree = "<group>"; };
		37072569246AA07F00255A70 /* View_promote_points.swift */ = {isa = PBXFileReference; fileEncoding = 4; lastKnownFileType = sourcecode.swift; path = View_promote_points.swift; sourceTree = "<group>"; };
		3707256B246AA07F00255A70 /* Ev_image.swift */ = {isa = PBXFileReference; fileEncoding = 4; lastKnownFileType = sourcecode.swift; path = Ev_image.swift; sourceTree = "<group>"; };
		3707256C246AA07F00255A70 /* Event_organizer.swift */ = {isa = PBXFileReference; fileEncoding = 4; lastKnownFileType = sourcecode.swift; path = Event_organizer.swift; sourceTree = "<group>"; };
		37072577246AB32F00255A70 /* EventModel.swift */ = {isa = PBXFileReference; lastKnownFileType = sourcecode.swift; path = EventModel.swift; sourceTree = "<group>"; };
		372EDBA224698D3D00B222DD /* TechGropseTest.app */ = {isa = PBXFileReference; explicitFileType = wrapper.application; includeInIndex = 0; path = TechGropseTest.app; sourceTree = BUILT_PRODUCTS_DIR; };
		372EDBA524698D3D00B222DD /* AppDelegate.swift */ = {isa = PBXFileReference; lastKnownFileType = sourcecode.swift; path = AppDelegate.swift; sourceTree = "<group>"; };
		372EDBA724698D3D00B222DD /* SceneDelegate.swift */ = {isa = PBXFileReference; lastKnownFileType = sourcecode.swift; path = SceneDelegate.swift; sourceTree = "<group>"; };
		372EDBA924698D3D00B222DD /* ViewController.swift */ = {isa = PBXFileReference; lastKnownFileType = sourcecode.swift; path = ViewController.swift; sourceTree = "<group>"; };
		372EDBAC24698D3D00B222DD /* Base */ = {isa = PBXFileReference; lastKnownFileType = file.storyboard; name = Base; path = Base.lproj/Main.storyboard; sourceTree = "<group>"; };
		372EDBAE24698D4100B222DD /* Assets.xcassets */ = {isa = PBXFileReference; lastKnownFileType = folder.assetcatalog; path = Assets.xcassets; sourceTree = "<group>"; };
		372EDBB124698D4100B222DD /* Base */ = {isa = PBXFileReference; lastKnownFileType = file.storyboard; name = Base; path = Base.lproj/LaunchScreen.storyboard; sourceTree = "<group>"; };
		372EDBB324698D4100B222DD /* Info.plist */ = {isa = PBXFileReference; lastKnownFileType = text.plist.xml; path = Info.plist; sourceTree = "<group>"; };
/* End PBXFileReference section */

/* Begin PBXFrameworksBuildPhase section */
		372EDB9F24698D3D00B222DD /* Frameworks */ = {
			isa = PBXFrameworksBuildPhase;
			buildActionMask = 2147483647;
			files = (
			);
			runOnlyForDeploymentPostprocessing = 0;
		};
/* End PBXFrameworksBuildPhase section */

/* Begin PBXGroup section */
		37072562246AA06C00255A70 /* Model */ = {
			isa = PBXGroup;
			children = (
				37072566246AA07F00255A70 /* Comment.swift */,
				37072563246AA07F00255A70 /* Data.swift */,
				37072565246AA07F00255A70 /* Duration_promote_points.swift */,
				3707256B246AA07F00255A70 /* Ev_image.swift */,
				3707256C246AA07F00255A70 /* Event_organizer.swift */,
				37072567246AA07F00255A70 /* Event_performer.swift */,
				37072564246AA07F00255A70 /* Event_sponser.swift */,
				37072568246AA07F00255A70 /* Event_tag.swift */,
				37072569246AA07F00255A70 /* View_promote_points.swift */,
				37072577246AB32F00255A70 /* EventModel.swift */,
			);
			path = Model;
			sourceTree = "<group>";
		};
		372EDB9924698D3D00B222DD = {
			isa = PBXGroup;
			children = (
				372EDBA424698D3D00B222DD /* TechGropseTest */,
				372EDBA324698D3D00B222DD /* Products */,
			);
			sourceTree = "<group>";
		};
		372EDBA324698D3D00B222DD /* Products */ = {
			isa = PBXGroup;
			children = (
				372EDBA224698D3D00B222DD /* TechGropseTest.app */,
			);
			name = Products;
			sourceTree = "<group>";
		};
		372EDBA424698D3D00B222DD /* TechGropseTest */ = {
			isa = PBXGroup;
			children = (
				37072562246AA06C00255A70 /* Model */,
				372EDBA524698D3D00B222DD /* AppDelegate.swift */,
				372EDBA724698D3D00B222DD /* SceneDelegate.swift */,
				372EDBA924698D3D00B222DD /* ViewController.swift */,
				372EDBAB24698D3D00B222DD /* Main.storyboard */,
				372EDBAE24698D4100B222DD /* Assets.xcassets */,
				372EDBB024698D4100B222DD /* LaunchScreen.storyboard */,
				372EDBB324698D4100B222DD /* Info.plist */,
				37072560246A977F00255A70 /* ServiceManager.swift */,
			);
			path = TechGropseTest;
			sourceTree = "<group>";
		};
/* End PBXGroup section */

/* Begin PBXNativeTarget section */
		372EDBA124698D3D00B222DD /* TechGropseTest */ = {
			isa = PBXNativeTarget;
			buildConfigurationList = 372EDBB624698D4100B222DD /* Build configuration list for PBXNativeTarget "TechGropseTest" */;
			buildPhases = (
				372EDB9E24698D3D00B222DD /* Sources */,
				372EDB9F24698D3D00B222DD /* Frameworks */,
				372EDBA024698D3D00B222DD /* Resources */,
			);
			buildRules = (
			);
			dependencies = (
			);
			name = TechGropseTest;
			productName = TechGropseTest;
			productReference = 372EDBA224698D3D00B222DD /* TechGropseTest.app */;
			productType = "com.apple.product-type.application";
		};
/* End PBXNativeTarget section */

/* Begin PBXProject section */
		372EDB9A24698D3D00B222DD /* Project object */ = {
			isa = PBXProject;
			attributes = {
				LastSwiftUpdateCheck = 1130;
				LastUpgradeCheck = 1130;
				ORGANIZATIONNAME = "Manoj Shivhare";
				TargetAttributes = {
					372EDBA124698D3D00B222DD = {
						CreatedOnToolsVersion = 11.3;
					};
				};
			};
			buildConfigurationList = 372EDB9D24698D3D00B222DD /* Build configuration list for PBXProject "TechGropseTest" */;
			compatibilityVersion = "Xcode 9.3";
			developmentRegion = en;
			hasScannedForEncodings = 0;
			knownRegions = (
				en,
				Base,
			);
			mainGroup = 372EDB9924698D3D00B222DD;
			productRefGroup = 372EDBA324698D3D00B222DD /* Products */;
			projectDirPath = "";
			projectRoot = "";
			targets = (
				372EDBA124698D3D00B222DD /* TechGropseTest */,
			);
		};
/* End PBXProject section */

/* Begin PBXResourcesBuildPhase section */
		372EDBA024698D3D00B222DD /* Resources */ = {
			isa = PBXResourcesBuildPhase;
			buildActionMask = 2147483647;
			files = (
				372EDBB224698D4100B222DD /* LaunchScreen.storyboard in Resources */,
				372EDBAF24698D4100B222DD /* Assets.xcassets in Resources */,
				372EDBAD24698D3D00B222DD /* Main.storyboard in Resources */,
			);
			runOnlyForDeploymentPostprocessing = 0;
		};
/* End PBXResourcesBuildPhase section */

/* Begin PBXSourcesBuildPhase section */
		372EDB9E24698D3D00B222DD /* Sources */ = {
			isa = PBXSourcesBuildPhase;
			buildActionMask = 2147483647;
			files = (
				37072576246AA07F00255A70 /* Event_organizer.swift in Sources */,
				3707256F246AA07F00255A70 /* Duration_promote_points.swift in Sources */,
				372EDBAA24698D3D00B222DD /* ViewController.swift in Sources */,
				3707256D246AA07F00255A70 /* Data.swift in Sources */,
				37072572246AA07F00255A70 /* Event_tag.swift in Sources */,
				37072570246AA07F00255A70 /* Comment.swift in Sources */,
				37072573246AA07F00255A70 /* View_promote_points.swift in Sources */,
				372EDBA624698D3D00B222DD /* AppDelegate.swift in Sources */,
				3707256E246AA07F00255A70 /* Event_sponser.swift in Sources */,
				372EDBA824698D3D00B222DD /* SceneDelegate.swift in Sources */,
				37072575246AA07F00255A70 /* Ev_image.swift in Sources */,
				37072561246A977F00255A70 /* ServiceManager.swift in Sources */,
				37072578246AB32F00255A70 /* EventModel.swift in Sources */,
				37072571246AA07F00255A70 /* Event_performer.swift in Sources */,
			);
			runOnlyForDeploymentPostprocessing = 0;
		};
/* End PBXSourcesBuildPhase section */

/* Begin PBXVariantGroup section */
		372EDBAB24698D3D00B222DD /* Main.storyboard */ = {
			isa = PBXVariantGroup;
			children = (
				372EDBAC24698D3D00B222DD /* Base */,
			);
			name = Main.storyboard;
			sourceTree = "<group>";
		};
		372EDBB024698D4100B222DD /* LaunchScreen.storyboard */ = {
			isa = PBXVariantGroup;
			children = (
				372EDBB124698D4100B222DD /* Base */,
			);
			name = LaunchScreen.storyboard;
			sourceTree = "<group>";
		};
/* End PBXVariantGroup section */

/* Begin XCBuildConfiguration section */
		372EDBB424698D4100B222DD /* Debug */ = {
			isa = XCBuildConfiguration;
			buildSettings = {
				ALWAYS_SEARCH_USER_PATHS = NO;
				CLANG_ANALYZER_NONNULL = YES;
				CLANG_ANALYZER_NUMBER_OBJECT_CONVERSION = YES_AGGRESSIVE;
				CLANG_CXX_LANGUAGE_STANDARD = "gnu++14";
				CLANG_CXX_LIBRARY = "libc++";
				CLANG_ENABLE_MODULES = YES;
				CLANG_ENABLE_OBJC_ARC = YES;
				CLANG_ENABLE_OBJC_WEAK = YES;
				CLANG_WARN_BLOCK_CAPTURE_AUTORELEASING = YES;
				CLANG_WARN_BOOL_CONVERSION = YES;
				CLANG_WARN_COMMA = YES;
				CLANG_WARN_CONSTANT_CONVERSION = YES;
				CLANG_WARN_DEPRECATED_OBJC_IMPLEMENTATIONS = YES;
				CLANG_WARN_DIRECT_OBJC_ISA_USAGE = YES_ERROR;
				CLANG_WARN_DOCUMENTATION_COMMENTS = YES;
				CLANG_WARN_EMPTY_BODY = YES;
				CLANG_WARN_ENUM_CONVERSION = YES;
				CLANG_WARN_INFINITE_RECURSION = YES;
				CLANG_WARN_INT_CONVERSION = YES;
				CLANG_WARN_NON_LITERAL_NULL_CONVERSION = YES;
				CLANG_WARN_OBJC_IMPLICIT_RETAIN_SELF = YES;
				CLANG_WARN_OBJC_LITERAL_CONVERSION = YES;
				CLANG_WARN_OBJC_ROOT_CLASS = YES_ERROR;
				CLANG_WARN_RANGE_LOOP_ANALYSIS = YES;
				CLANG_WARN_STRICT_PROTOTYPES = YES;
				CLANG_WARN_SUSPICIOUS_MOVE = YES;
				CLANG_WARN_UNGUARDED_AVAILABILITY = YES_AGGRESSIVE;
				CLANG_WARN_UNREACHABLE_CODE = YES;
				CLANG_WARN__DUPLICATE_METHOD_MATCH = YES;
				COPY_PHASE_STRIP = NO;
				DEBUG_INFORMATION_FORMAT = dwarf;
				ENABLE_STRICT_OBJC_MSGSEND = YES;
				ENABLE_TESTABILITY = YES;
				GCC_C_LANGUAGE_STANDARD = gnu11;
				GCC_DYNAMIC_NO_PIC = NO;
				GCC_NO_COMMON_BLOCKS = YES;
				GCC_OPTIMIZATION_LEVEL = 0;
				GCC_PREPROCESSOR_DEFINITIONS = (
					"DEBUG=1",
					"$(inherited)",
				);
				GCC_WARN_64_TO_32_BIT_CONVERSION = YES;
				GCC_WARN_ABOUT_RETURN_TYPE = YES_ERROR;
				GCC_WARN_UNDECLARED_SELECTOR = YES;
				GCC_WARN_UNINITIALIZED_AUTOS = YES_AGGRESSIVE;
				GCC_WARN_UNUSED_FUNCTION = YES;
				GCC_WARN_UNUSED_VARIABLE = YES;
				IPHONEOS_DEPLOYMENT_TARGET = 13.2;
				MTL_ENABLE_DEBUG_INFO = INCLUDE_SOURCE;
				MTL_FAST_MATH = YES;
				ONLY_ACTIVE_ARCH = YES;
				SDKROOT = iphoneos;
				SWIFT_ACTIVE_COMPILATION_CONDITIONS = DEBUG;
				SWIFT_OPTIMIZATION_LEVEL = "-Onone";
			};
			name = Debug;
		};
		372EDBB524698D4100B222DD /* Release */ = {
			isa = XCBuildConfiguration;
			buildSettings = {
				ALWAYS_SEARCH_USER_PATHS = NO;
				CLANG_ANALYZER_NONNULL = YES;
				CLANG_ANALYZER_NUMBER_OBJECT_CONVERSION = YES_AGGRESSIVE;
				CLANG_CXX_LANGUAGE_STANDARD = "gnu++14";
				CLANG_CXX_LIBRARY = "libc++";
				CLANG_ENABLE_MODULES = YES;
				CLANG_ENABLE_OBJC_ARC = YES;
				CLANG_ENABLE_OBJC_WEAK = YES;
				CLANG_WARN_BLOCK_CAPTURE_AUTORELEASING = YES;
				CLANG_WARN_BOOL_CONVERSION = YES;
				CLANG_WARN_COMMA = YES;
				CLANG_WARN_CONSTANT_CONVERSION = YES;
				CLANG_WARN_DEPRECATED_OBJC_IMPLEMENTATIONS = YES;
				CLANG_WARN_DIRECT_OBJC_ISA_USAGE = YES_ERROR;
				CLANG_WARN_DOCUMENTATION_COMMENTS = YES;
				CLANG_WARN_EMPTY_BODY = YES;
				CLANG_WARN_ENUM_CONVERSION = YES;
				CLANG_WARN_INFINITE_RECURSION = YES;
				CLANG_WARN_INT_CONVERSION = YES;
				CLANG_WARN_NON_LITERAL_NULL_CONVERSION = YES;
				CLANG_WARN_OBJC_IMPLICIT_RETAIN_SELF = YES;
				CLANG_WARN_OBJC_LITERAL_CONVERSION = YES;
				CLANG_WARN_OBJC_ROOT_CLASS = YES_ERROR;
				CLANG_WARN_RANGE_LOOP_ANALYSIS = YES;
				CLANG_WARN_STRICT_PROTOTYPES = YES;
				CLANG_WARN_SUSPICIOUS_MOVE = YES;
				CLANG_WARN_UNGUARDED_AVAILABILITY = YES_AGGRESSIVE;
				CLANG_WARN_UNREACHABLE_CODE = YES;
				CLANG_WARN__DUPLICATE_METHOD_MATCH = YES;
				COPY_PHASE_STRIP = NO;
				DEBUG_INFORMATION_FORMAT = "dwarf-with-dsym";
				ENABLE_NS_ASSERTIONS = NO;
				ENABLE_STRICT_OBJC_MSGSEND = YES;
				GCC_C_LANGUAGE_STANDARD = gnu11;
				GCC_NO_COMMON_BLOCKS = YES;
				GCC_WARN_64_TO_32_BIT_CONVERSION = YES;
				GCC_WARN_ABOUT_RETURN_TYPE = YES_ERROR;
				GCC_WARN_UNDECLARED_SELECTOR = YES;
				GCC_WARN_UNINITIALIZED_AUTOS = YES_AGGRESSIVE;
				GCC_WARN_UNUSED_FUNCTION = YES;
				GCC_WARN_UNUSED_VARIABLE = YES;
				IPHONEOS_DEPLOYMENT_TARGET = 13.2;
				MTL_ENABLE_DEBUG_INFO = NO;
				MTL_FAST_MATH = YES;
				SDKROOT = iphoneos;
				SWIFT_COMPILATION_MODE = wholemodule;
				SWIFT_OPTIMIZATION_LEVEL = "-O";
				VALIDATE_PRODUCT = YES;
			};
			name = Release;
		};
		372EDBB724698D4100B222DD /* Debug */ = {
			isa = XCBuildConfiguration;
			buildSettings = {
				ASSETCATALOG_COMPILER_APPICON_NAME = AppIcon;
				CODE_SIGN_STYLE = Automatic;
				DEVELOPMENT_TEAM = RF9L26WBTL;
				INFOPLIST_FILE = TechGropseTest/Info.plist;
				LD_RUNPATH_SEARCH_PATHS = (
					"$(inherited)",
					"@executable_path/Frameworks",
				);
				PRODUCT_BUNDLE_IDENTIFIER = in.droom.TechGropseTest;
				PRODUCT_NAME = "$(TARGET_NAME)";
				SWIFT_VERSION = 5.0;
				TARGETED_DEVICE_FAMILY = 1;
			};
			name = Debug;
		};
		372EDBB824698D4100B222DD /* Release */ = {
			isa = XCBuildConfiguration;
			buildSettings = {
				ASSETCATALOG_COMPILER_APPICON_NAME = AppIcon;
				CODE_SIGN_STYLE = Automatic;
				DEVELOPMENT_TEAM = RF9L26WBTL;
				INFOPLIST_FILE = TechGropseTest/Info.plist;
				LD_RUNPATH_SEARCH_PATHS = (
					"$(inherited)",
					"@executable_path/Frameworks",
				);
				PRODUCT_BUNDLE_IDENTIFIER = in.droom.TechGropseTest;
				PRODUCT_NAME = "$(TARGET_NAME)";
				SWIFT_VERSION = 5.0;
				TARGETED_DEVICE_FAMILY = 1;
			};
			name = Release;
		};
/* End XCBuildConfiguration section */

/* Begin XCConfigurationList section */
		372EDB9D24698D3D00B222DD /* Build configuration list for PBXProject "TechGropseTest" */ = {
			isa = XCConfigurationList;
			buildConfigurations = (
				372EDBB424698D4100B222DD /* Debug */,
				372EDBB524698D4100B222DD /* Release */,
			);
			defaultConfigurationIsVisible = 0;
			defaultConfigurationName = Release;
		};
		372EDBB624698D4100B222DD /* Build configuration list for PBXNativeTarget "TechGropseTest" */ = {
			isa = XCConfigurationList;
			buildConfigurations = (
				372EDBB724698D4100B222DD /* Debug */,
				372EDBB824698D4100B222DD /* Release */,
			);
			defaultConfigurationIsVisible = 0;
			defaultConfigurationName = Release;
		};
/* End XCConfigurationList section */
	};
	rootObject = 372EDB9A24698D3D00B222DD /* Project object */;
}
